
Microsoft Visual Studio Solution File, Format Version 12.00
# Visual Studio Version 17
VisualStudioVersion = 17.4.33213.308
MinimumVisualStudioVersion = 10.0.40219.1
Project("{FAE04EC0-301F-11D3-BF4B-00C04F79EFBC}") = "CyberSafe", "CyberSafe\CyberSafe.csproj", "{DCD87199-E0EF-421E-985D-8115A77E8310}"
EndProject
Global
	GlobalSection(SolutionConfigurationPlatforms) = preSolution
		Debug|Any CPU = Debug|Any CPU
		Release|Any CPU = Release|Any CPU
	EndGlobalSection
	GlobalSection(ProjectConfigurationPlatforms) = postSolution
		{DCD87199-E0EF-421E-985D-8115A77E8310}.Debug|Any CPU.ActiveCfg = Debug|Any CPU
		{DCD87199-E0EF-421E-985D-8115A77E8310}.Debug|Any CPU.Build.0 = Debug|Any CPU
		{DCD87199-E0EF-421E-985D-8115A77E8310}.Release|Any CPU.ActiveCfg = Release|Any CPU
		{DCD87199-E0EF-421E-985D-8115A77E8310}.Release|Any CPU.Build.0 = Release|Any CPU
	EndGlobalSection
	GlobalSection(SolutionProperties) = preSolution
		HideSolutionNode = FALSE
	EndGlobalSection
	GlobalSection(ExtensibilityGlobals) = postSolution
		SolutionGuid = {FACA431B-776C-46E3-9C8E-525CF0AE16B6}
	EndGlobalSection
EndGlobal
