
Microsoft Visual Studio Solution File, Format Version 12.00
# Visual Studio Version 17
VisualStudioVersion = 17.4.33213.308
MinimumVisualStudioVersion = 10.0.40219.1
Project("{FAE04EC0-301F-11D3-BF4B-00C04F79EFBC}") = "CyberSafe", "CyberSafe\CyberSafe.csproj", "{B8A1EC64-133C-44FE-A312-AC0CCEF1A40D}"
EndProject
Global
	GlobalSection(SolutionConfigurationPlatforms) = preSolution
		Debug|Any CPU = Debug|Any CPU
		Release|Any CPU = Release|Any CPU
	EndGlobalSection
	GlobalSection(ProjectConfigurationPlatforms) = postSolution
		{B8A1EC64-133C-44FE-A312-AC0CCEF1A40D}.Debug|Any CPU.ActiveCfg = Debug|Any CPU
		{B8A1EC64-133C-44FE-A312-AC0CCEF1A40D}.Debug|Any CPU.Build.0 = Debug|Any CPU
		{B8A1EC64-133C-44FE-A312-AC0CCEF1A40D}.Release|Any CPU.ActiveCfg = Release|Any CPU
		{B8A1EC64-133C-44FE-A312-AC0CCEF1A40D}.Release|Any CPU.Build.0 = Release|Any CPU
	EndGlobalSection
	GlobalSection(SolutionProperties) = preSolution
		HideSolutionNode = FALSE
	EndGlobalSection
	GlobalSection(ExtensibilityGlobals) = postSolution
		SolutionGuid = {D6F72D39-EE6D-45B5-B2CF-A073349C9ACB}
	EndGlobalSection
EndGlobal
